
Microsoft Visual Studio Solution File, Format Version 12.00
# Visual Studio Version 17
VisualStudioVersion = 17.14.36930.0
MinimumVisualStudioVersion = 10.0.40219.1
Project("{FAE04EC0-301F-11D3-BF4B-00C04F79EFBC}") = "Website building.Core", "Website building.Core\Website building.Core.csproj", "{A4D8CA5E-4655-44EE-A492-2C070CC535B0}"
EndProject
Project("{FAE04EC0-301F-11D3-BF4B-00C04F79EFBC}") = "Website_building.Service", "Website_building.Service\Website_building.Service.csproj", "{840746C5-7EC5-470E-A523-7AEEF32E57C5}"
EndProject
Project("{FAE04EC0-301F-11D3-BF4B-00C04F79EFBC}") = "Website building.Api", "Website building.Api\Website building.Api.csproj", "{E5882D44-BB57-4451-908D-88947DB4BFD3}"
EndProject
Project("{FAE04EC0-301F-11D3-BF4B-00C04F79EFBC}") = "Website_building.Data", "Website_building.Data\Website_building.Data.csproj", "{9464CE62-3E35-43DD-B358-1C782539A597}"
EndProject
Global
	GlobalSection(SolutionConfigurationPlatforms) = preSolution
		Debug|Any CPU = Debug|Any CPU
		Release|Any CPU = Release|Any CPU
	EndGlobalSection
	GlobalSection(ProjectConfigurationPlatforms) = postSolution
		{A4D8CA5E-4655-44EE-A492-2C070CC535B0}.Debug|Any CPU.ActiveCfg = Debug|Any CPU
		{A4D8CA5E-4655-44EE-A492-2C070CC535B0}.Debug|Any CPU.Build.0 = Debug|Any CPU
		{A4D8CA5E-4655-44EE-A492-2C070CC535B0}.Release|Any CPU.ActiveCfg = Release|Any CPU
		{A4D8CA5E-4655-44EE-A492-2C070CC535B0}.Release|Any CPU.Build.0 = Release|Any CPU
		{840746C5-7EC5-470E-A523-7AEEF32E57C5}.Debug|Any CPU.ActiveCfg = Debug|Any CPU
		{840746C5-7EC5-470E-A523-7AEEF32E57C5}.Debug|Any CPU.Build.0 = Debug|Any CPU
		{840746C5-7EC5-470E-A523-7AEEF32E57C5}.Release|Any CPU.ActiveCfg = Release|Any CPU
		{840746C5-7EC5-470E-A523-7AEEF32E57C5}.Release|Any CPU.Build.0 = Release|Any CPU
		{E5882D44-BB57-4451-908D-88947DB4BFD3}.Debug|Any CPU.ActiveCfg = Debug|Any CPU
		{E5882D44-BB57-4451-908D-88947DB4BFD3}.Debug|Any CPU.Build.0 = Debug|Any CPU
		{E5882D44-BB57-4451-908D-88947DB4BFD3}.Release|Any CPU.ActiveCfg = Release|Any CPU
		{E5882D44-BB57-4451-908D-88947DB4BFD3}.Release|Any CPU.Build.0 = Release|Any CPU
		{9464CE62-3E35-43DD-B358-1C782539A597}.Debug|Any CPU.ActiveCfg = Debug|Any CPU
		{9464CE62-3E35-43DD-B358-1C782539A597}.Debug|Any CPU.Build.0 = Debug|Any CPU
		{9464CE62-3E35-43DD-B358-1C782539A597}.Release|Any CPU.ActiveCfg = Release|Any CPU
		{9464CE62-3E35-43DD-B358-1C782539A597}.Release|Any CPU.Build.0 = Release|Any CPU
	EndGlobalSection
	GlobalSection(SolutionProperties) = preSolution
		HideSolutionNode = FALSE
	EndGlobalSection
	GlobalSection(ExtensibilityGlobals) = postSolution
		SolutionGuid = {DA2AF049-5CC6-4670-B60D-E27988987680}
	EndGlobalSection
EndGlobal
